
Microsoft Visual Studio Solution File, Format Version 12.00
# Visual Studio Version 16
VisualStudioVersion = 16.0.30204.135
MinimumVisualStudioVersion = 10.0.40219.1
Project("{FAE04EC0-301F-11D3-BF4B-00C04F79EFBC}") = "MQTT.Sample.Publisher", "MQTT.Sample.Publisher\MQTT.Sample.Publisher.csproj", "{2049A7FE-FE2E-4880-A0C7-0566B3B17266}"
EndProject
Project("{FAE04EC0-301F-11D3-BF4B-00C04F79EFBC}") = "MQTT.Sample.Subscriber", "MQTT.Sample.Subscriber\MQTT.Sample.Subscriber.csproj", "{4567BA9F-BB91-4898-885F-C576D16BECE7}"
EndProject
Global
	GlobalSection(SolutionConfigurationPlatforms) = preSolution
		Debug|Any CPU = Debug|Any CPU
		Release|Any CPU = Release|Any CPU
	EndGlobalSection
	GlobalSection(ProjectConfigurationPlatforms) = postSolution
		{2049A7FE-FE2E-4880-A0C7-0566B3B17266}.Debug|Any CPU.ActiveCfg = Debug|Any CPU
		{2049A7FE-FE2E-4880-A0C7-0566B3B17266}.Debug|Any CPU.Build.0 = Debug|Any CPU
		{2049A7FE-FE2E-4880-A0C7-0566B3B17266}.Release|Any CPU.ActiveCfg = Release|Any CPU
		{2049A7FE-FE2E-4880-A0C7-0566B3B17266}.Release|Any CPU.Build.0 = Release|Any CPU
		{4567BA9F-BB91-4898-885F-C576D16BECE7}.Debug|Any CPU.ActiveCfg = Debug|Any CPU
		{4567BA9F-BB91-4898-885F-C576D16BECE7}.Debug|Any CPU.Build.0 = Debug|Any CPU
		{4567BA9F-BB91-4898-885F-C576D16BECE7}.Release|Any CPU.ActiveCfg = Release|Any CPU
		{4567BA9F-BB91-4898-885F-C576D16BECE7}.Release|Any CPU.Build.0 = Release|Any CPU
	EndGlobalSection
	GlobalSection(SolutionProperties) = preSolution
		HideSolutionNode = FALSE
	EndGlobalSection
	GlobalSection(ExtensibilityGlobals) = postSolution
		SolutionGuid = {CDCDF0C8-5FB5-40B2-B6F6-B1E119889D93}
	EndGlobalSection
EndGlobal
